
Microsoft Visual Studio Solution File, Format Version 12.00
# Visual Studio Version 17
VisualStudioVersion = 17.13.35806.99
MinimumVisualStudioVersion = 10.0.40219.1
Project("{2150E333-8FDC-42A3-9474-1A3956D46DE8}") = "src", "src", "{02EA681E-C7D8-13C7-8484-4AC65E1B71E8}"
EndProject
Project("{2150E333-8FDC-42A3-9474-1A3956D46DE8}") = "docs", "docs", "{2E161247-33EA-4FA2-BD02-A1CFCBE63EFA}"
EndProject
Project("{2150E333-8FDC-42A3-9474-1A3956D46DE8}") = "tests", "tests", "{B799E368-1F40-4F0D-8C79-A4FCE1774F0C}"
EndProject
Project("{2150E333-8FDC-42A3-9474-1A3956D46DE8}") = "Core", "Core", "{66FF152F-F342-4230-B4B6-8DAA791B8F1D}"
EndProject
Project("{2150E333-8FDC-42A3-9474-1A3956D46DE8}") = "Infrastructure", "Infrastructure", "{05CD87CB-49C4-4C27-B4A5-F609B6F10205}"
EndProject
Project("{2150E333-8FDC-42A3-9474-1A3956D46DE8}") = "Presentation", "Presentation", "{EFB11C55-04B4-4F1F-9DDD-0519DE9097B6}"
EndProject
Project("{FAE04EC0-301F-11D3-BF4B-00C04F79EFBC}") = "SAX.Server", "src\SAX.Server\SAX.Server.csproj", "{551F7596-D934-4926-9D59-993E1F4EC830}"
	ProjectSection(ProjectDependencies) = postProject
		{0EC5101B-6F09-4563-A056-C796F67027E0} = {0EC5101B-6F09-4563-A056-C796F67027E0}
		{243EFD03-B164-4BE0-969C-666434637E6C} = {243EFD03-B164-4BE0-969C-666434637E6C}
		{83AFD571-5C95-4298-AC50-1A1FE66FFBFF} = {83AFD571-5C95-4298-AC50-1A1FE66FFBFF}
	EndProjectSection
EndProject
Project("{FAE04EC0-301F-11D3-BF4B-00C04F79EFBC}") = "SAX.Infrastructure", "src\SAX.Infrastructure\SAX.Infrastructure.csproj", "{0EC5101B-6F09-4563-A056-C796F67027E0}"
	ProjectSection(ProjectDependencies) = postProject
		{243EFD03-B164-4BE0-969C-666434637E6C} = {243EFD03-B164-4BE0-969C-666434637E6C}
		{4C4CCE16-C6FD-445F-8D13-C6795FD4B004} = {4C4CCE16-C6FD-445F-8D13-C6795FD4B004}
	EndProjectSection
EndProject
Project("{FAE04EC0-301F-11D3-BF4B-00C04F79EFBC}") = "SAX.Persistence", "src\SAX.Persistence\SAX.Persistence.csproj", "{83AFD571-5C95-4298-AC50-1A1FE66FFBFF}"
	ProjectSection(ProjectDependencies) = postProject
		{243EFD03-B164-4BE0-969C-666434637E6C} = {243EFD03-B164-4BE0-969C-666434637E6C}
		{4C4CCE16-C6FD-445F-8D13-C6795FD4B004} = {4C4CCE16-C6FD-445F-8D13-C6795FD4B004}
	EndProjectSection
EndProject
Project("{FAE04EC0-301F-11D3-BF4B-00C04F79EFBC}") = "SAX.Domain", "src\SAX.Domain\SAX.Domain.csproj", "{4C4CCE16-C6FD-445F-8D13-C6795FD4B004}"
EndProject
Project("{FAE04EC0-301F-11D3-BF4B-00C04F79EFBC}") = "SAX.Application", "src\SAX.Application\SAX.Application.csproj", "{243EFD03-B164-4BE0-969C-666434637E6C}"
EndProject
Global
	GlobalSection(SolutionConfigurationPlatforms) = preSolution
		Debug|Any CPU = Debug|Any CPU
		Release|Any CPU = Release|Any CPU
	EndGlobalSection
	GlobalSection(ProjectConfigurationPlatforms) = postSolution
		{551F7596-D934-4926-9D59-993E1F4EC830}.Debug|Any CPU.ActiveCfg = Debug|Any CPU
		{551F7596-D934-4926-9D59-993E1F4EC830}.Debug|Any CPU.Build.0 = Debug|Any CPU
		{551F7596-D934-4926-9D59-993E1F4EC830}.Release|Any CPU.ActiveCfg = Release|Any CPU
		{551F7596-D934-4926-9D59-993E1F4EC830}.Release|Any CPU.Build.0 = Release|Any CPU
		{0EC5101B-6F09-4563-A056-C796F67027E0}.Debug|Any CPU.ActiveCfg = Debug|Any CPU
		{0EC5101B-6F09-4563-A056-C796F67027E0}.Debug|Any CPU.Build.0 = Debug|Any CPU
		{0EC5101B-6F09-4563-A056-C796F67027E0}.Release|Any CPU.ActiveCfg = Release|Any CPU
		{0EC5101B-6F09-4563-A056-C796F67027E0}.Release|Any CPU.Build.0 = Release|Any CPU
		{83AFD571-5C95-4298-AC50-1A1FE66FFBFF}.Debug|Any CPU.ActiveCfg = Debug|Any CPU
		{83AFD571-5C95-4298-AC50-1A1FE66FFBFF}.Debug|Any CPU.Build.0 = Debug|Any CPU
		{83AFD571-5C95-4298-AC50-1A1FE66FFBFF}.Release|Any CPU.ActiveCfg = Release|Any CPU
		{83AFD571-5C95-4298-AC50-1A1FE66FFBFF}.Release|Any CPU.Build.0 = Release|Any CPU
		{4C4CCE16-C6FD-445F-8D13-C6795FD4B004}.Debug|Any CPU.ActiveCfg = Debug|Any CPU
		{4C4CCE16-C6FD-445F-8D13-C6795FD4B004}.Debug|Any CPU.Build.0 = Debug|Any CPU
		{4C4CCE16-C6FD-445F-8D13-C6795FD4B004}.Release|Any CPU.ActiveCfg = Release|Any CPU
		{4C4CCE16-C6FD-445F-8D13-C6795FD4B004}.Release|Any CPU.Build.0 = Release|Any CPU
		{243EFD03-B164-4BE0-969C-666434637E6C}.Debug|Any CPU.ActiveCfg = Debug|Any CPU
		{243EFD03-B164-4BE0-969C-666434637E6C}.Debug|Any CPU.Build.0 = Debug|Any CPU
		{243EFD03-B164-4BE0-969C-666434637E6C}.Release|Any CPU.ActiveCfg = Release|Any CPU
		{243EFD03-B164-4BE0-969C-666434637E6C}.Release|Any CPU.Build.0 = Release|Any CPU
	EndGlobalSection
	GlobalSection(SolutionProperties) = preSolution
		HideSolutionNode = FALSE
	EndGlobalSection
	GlobalSection(NestedProjects) = preSolution
		{66FF152F-F342-4230-B4B6-8DAA791B8F1D} = {02EA681E-C7D8-13C7-8484-4AC65E1B71E8}
		{05CD87CB-49C4-4C27-B4A5-F609B6F10205} = {02EA681E-C7D8-13C7-8484-4AC65E1B71E8}
		{EFB11C55-04B4-4F1F-9DDD-0519DE9097B6} = {02EA681E-C7D8-13C7-8484-4AC65E1B71E8}
		{551F7596-D934-4926-9D59-993E1F4EC830} = {EFB11C55-04B4-4F1F-9DDD-0519DE9097B6}
		{0EC5101B-6F09-4563-A056-C796F67027E0} = {05CD87CB-49C4-4C27-B4A5-F609B6F10205}
		{83AFD571-5C95-4298-AC50-1A1FE66FFBFF} = {05CD87CB-49C4-4C27-B4A5-F609B6F10205}
		{4C4CCE16-C6FD-445F-8D13-C6795FD4B004} = {66FF152F-F342-4230-B4B6-8DAA791B8F1D}
		{243EFD03-B164-4BE0-969C-666434637E6C} = {66FF152F-F342-4230-B4B6-8DAA791B8F1D}
	EndGlobalSection
	GlobalSection(ExtensibilityGlobals) = postSolution
		SolutionGuid = {0AFE84AB-9177-44B5-BCB8-6097E8046005}
	EndGlobalSection
EndGlobal
